{
  "nodes": {
    "darwin": {
      "inputs": {
        "nixpkgs": [
          "nixpkgs"
        ]
      },
      "locked": {
        "lastModified": 1648278671,
        "narHash": "sha256-1WrR9ex+rKTjZtODNUZQhkWYUprtfOkjOyo9YWL2NMs=",
        "owner": "LnL7",
        "repo": "nix-darwin",
        "rev": "4fdbb8168f61d31d3f90bb0d07f48de709c4fe79",
        "type": "github"
      },
      "original": {
        "owner": "LnL7",
        "ref": "master",
        "repo": "nix-darwin",
        "type": "github"
      }
    },
    "easy-purescript-nix": {
      "flake": false,
      "locked": {
        "lastModified": 1648036602,
        "narHash": "sha256-8erFzbiRJYqPgJHuQwhgBPltQeaWeAZom/5X3lyUAcc=",
        "owner": "justinwoo",
        "repo": "easy-purescript-nix",
        "rev": "9c5ffd3e54c41dece66ed84f8f23970a4f1f3883",
        "type": "github"
      },
      "original": {
        "owner": "justinwoo",
        "repo": "easy-purescript-nix",
        "type": "github"
      }
    },
    "flake-utils": {
      "locked": {
        "lastModified": 1648297722,
        "narHash": "sha256-W+qlPsiZd8F3XkzXOzAoR+mpFqzm3ekQkJNa+PIh1BQ=",
        "owner": "numtide",
        "repo": "flake-utils",
        "rev": "0f8662f1319ad6abf89b3380dd2722369fc51ade",
        "type": "github"
      },
      "original": {
        "owner": "numtide",
        "repo": "flake-utils",
        "type": "github"
      }
    },
    "home-manager": {
      "inputs": {
        "nixpkgs": [
          "nixpkgs"
        ]
      },
      "locked": {
        "lastModified": 1648366999,
        "narHash": "sha256-Sdm0lI2ZBc70EnMMmvfDVY7gIM3M4c2L86EdQ9tKRE4=",
        "owner": "nix-community",
        "repo": "home-manager",
        "rev": "888eac32bd657bfe0d024c8770130d80d1c02cd3",
        "type": "github"
      },
      "original": {
        "owner": "nix-community",
        "ref": "master",
        "repo": "home-manager",
        "type": "github"
      }
    },
    "nixpkgs": {
      "locked": {
        "lastModified": 1648219316,
        "narHash": "sha256-Ctij+dOi0ZZIfX5eMhgwugfvB+WZSrvVNAyAuANOsnQ=",
        "owner": "nixos",
        "repo": "nixpkgs",
        "rev": "30d3d79b7d3607d56546dd2a6b49e156ba0ec634",
        "type": "github"
      },
      "original": {
        "owner": "nixos",
        "ref": "nixpkgs-unstable",
        "repo": "nixpkgs",
        "type": "github"
      }
    },
    "nur": {
      "locked": {
        "lastModified": 1648372430,
        "narHash": "sha256-C/ay5SFFJ+HmfNWtTINjFB8qY6uw6Qtvwuxbr7PRNT0=",
        "owner": "nix-community",
        "repo": "NUR",
        "rev": "442e27cfc4e64f0ccf67e9b5a6f6951b6df73404",
        "type": "github"
      },
      "original": {
        "owner": "nix-community",
        "repo": "NUR",
        "type": "github"
      }
    },
    "root": {
      "inputs": {
        "darwin": "darwin",
        "easy-purescript-nix": "easy-purescript-nix",
        "flake-utils": "flake-utils",
        "home-manager": "home-manager",
        "nixpkgs": "nixpkgs",
        "nur": "nur"
      }
    }
  },
  "root": "root",
  "version": 7
}
